github.com/Metadiv-Technology-Limited/nanoid v1.0.0 h1:EPIYLiSxXhyHopytaUQ1WAUm6m4/AfPl/nvQgEFH/1M=
github.com/Metadiv-Technology-Limited/nanoid v1.0.0/go.mod h1:E7Tz5V3yvkea5IIc12QLxksSFEpglvkgX4bryX1abRI=
github.com/matoous/go-nanoid v1.5.0 h1:VRorl6uCngneC4oUQqOYtO3S0H5QKFtKuKycFG3euek=
github.com/matoous/go-nanoid v1.5.0/go.mod h1:zyD2a71IubI24efhpvkJz+ZwfwagzgSO6UNiFsZKN7U=
